
Microsoft Visual Studio Solution File, Format Version 12.00
# Visual Studio Version 17
VisualStudioVersion = 17.13.35806.99
MinimumVisualStudioVersion = 10.0.40219.1
Project("{2150E333-8FDC-42A3-9474-1A3956D46DE8}") = "1. Enterprise Business Rules", "1. Enterprise Business Rules", "{02EA681E-C7D8-13C7-8484-4AC65E1B71E8}"
EndProject
Project("{2150E333-8FDC-42A3-9474-1A3956D46DE8}") = "2. Application Business Rules", "2. Application Business Rules", "{DACA02F3-4332-419B-B298-589C41C987A7}"
EndProject
Project("{2150E333-8FDC-42A3-9474-1A3956D46DE8}") = "3. Interface Adapters", "3. Interface Adapters", "{8BA61B78-82C6-47B3-8A1A-32BCA435CA68}"
EndProject
Project("{2150E333-8FDC-42A3-9474-1A3956D46DE8}") = "4. Frameworks And Drivers", "4. Frameworks And Drivers", "{C187A28E-C457-469F-965D-D4F79CCD9853}"
EndProject
Project("{FAE04EC0-301F-11D3-BF4B-00C04F79EFBC}") = "NorthWind.Sales.Entities", "NorthWind.Sales.Entities\NorthWind.Sales.Entities.csproj", "{7CEAF7A5-2D8E-4311-B9DD-1D00742594AF}"
EndProject
Project("{FAE04EC0-301F-11D3-BF4B-00C04F79EFBC}") = "NorthWind.Sales.Backend.BusinessObjects", "NorthWind.Sales.Backend.BusinessObjects\NorthWind.Sales.Backend.BusinessObjects.csproj", "{105BEA43-1277-45B0-927F-6AEF66A094F0}"
EndProject
Project("{FAE04EC0-301F-11D3-BF4B-00C04F79EFBC}") = "NorthWind.Sales.Backend.UseCases", "NorthWind.Sales.Backend.UseCases\NorthWind.Sales.Backend.UseCases.csproj", "{30CC0B34-2F66-4BA2-A2A8-93906146D2CF}"
EndProject
Project("{2150E333-8FDC-42A3-9474-1A3956D46DE8}") = "Gateways", "Gateways", "{727027AB-708B-4B5E-9434-C32254BB0E0F}"
EndProject
Project("{2150E333-8FDC-42A3-9474-1A3956D46DE8}") = "Repositories", "Repositories", "{45F6F222-9E92-4ABB-A4F8-0BC442559A31}"
EndProject
Project("{FAE04EC0-301F-11D3-BF4B-00C04F79EFBC}") = "NorthWind.Sales.Backend.Repositories", "NorthWind.Sales.Backend.Repositories\NorthWind.Sales.Backend.Repositories.csproj", "{BAC9F7FC-F6F2-42F6-8D37-6DC5BE3AABA4}"
EndProject
Project("{2150E333-8FDC-42A3-9474-1A3956D46DE8}") = "Presenters", "Presenters", "{D9EFE1A8-878B-4EEC-91D2-58450A6BF66B}"
EndProject
Project("{FAE04EC0-301F-11D3-BF4B-00C04F79EFBC}") = "NorthWind.Sales.Backend.Presenters", "NorthWind.Sales.Backend.Presenters\NorthWind.Sales.Backend.Presenters.csproj", "{10BB543D-67A4-4747-B7E0-D7DCEDFDBCDB}"
EndProject
Project("{2150E333-8FDC-42A3-9474-1A3956D46DE8}") = "Controllers", "Controllers", "{6C0056AC-EEA3-477E-80DC-552C7D0F8B69}"
EndProject
Project("{FAE04EC0-301F-11D3-BF4B-00C04F79EFBC}") = "NorthWind.Sales.Backend.Controllers", "NorthWind.Sales.Backend.Controllers\NorthWind.Sales.Backend.Controllers.csproj", "{53A8FE50-4663-4B99-99A7-946C2FD3657D}"
EndProject
Project("{2150E333-8FDC-42A3-9474-1A3956D46DE8}") = "Frameworks", "Frameworks", "{515B8638-7FC8-4760-BAAC-321CAADC806D}"
EndProject
Project("{2150E333-8FDC-42A3-9474-1A3956D46DE8}") = "DataContexts", "DataContexts", "{1BD08331-8E19-43CA-85D2-42E70BA1EA96}"
EndProject
Project("{FAE04EC0-301F-11D3-BF4B-00C04F79EFBC}") = "NorthWind.Sales.Backend.DataContexts.EFCore", "NorthWind.Sales.Backend.DataContexts.EFCore\NorthWind.Sales.Backend.DataContexts.EFCore.csproj", "{6EDEB89F-7C72-4F05-BFEF-E840DDB1780E}"
EndProject
Project("{2150E333-8FDC-42A3-9474-1A3956D46DE8}") = "IoC", "IoC", "{CCE9E1DE-6345-448F-B135-D78E81E70551}"
EndProject
Project("{FAE04EC0-301F-11D3-BF4B-00C04F79EFBC}") = "NorthWind.Sales.Backend.IoC", "NorthWind.Sales.Backend.IoC\NorthWind.Sales.Backend.IoC.csproj", "{C53D9580-5A3E-497E-AC7B-C3D8BA0008A7}"
EndProject
Project("{2150E333-8FDC-42A3-9474-1A3956D46DE8}") = "UI", "UI", "{C9C13E92-BF0E-4844-BA8E-DAF1F1F73595}"
EndProject
Project("{FAE04EC0-301F-11D3-BF4B-00C04F79EFBC}") = "Northwind.Sales.WebApi", "Northwind.Sales.WebApi\Northwind.Sales.WebApi.csproj", "{B52C993C-1381-48BC-9A03-BDD3DDF856F7}"
EndProject
Project("{FAE04EC0-301F-11D3-BF4B-00C04F79EFBC}") = "WebApplication_API_Minimal", "WebApplication_API_Minimal\WebApplication_API_Minimal.csproj", "{B19A2E4A-F81B-4013-935B-FFF3B8603365}"
EndProject
Project("{FAE04EC0-301F-11D3-BF4B-00C04F79EFBC}") = "WebApplication_API_Controller", "WebApplication_API_Controller\WebApplication_API_Controller.csproj", "{FF7BDA0A-1E61-4213-BB2C-6B1A782F4F78}"
EndProject
Project("{FAE04EC0-301F-11D3-BF4B-00C04F79EFBC}") = "NorthWind.FrontEnd.BusinessObjects", "NrothWind.FrontEnd.BusinessObjects\NorthWind.FrontEnd.BusinessObjects.csproj", "{8ED3C557-58C7-4E0B-A158-57E73087AF8B}"
EndProject
Project("{2150E333-8FDC-42A3-9474-1A3956D46DE8}") = "WebApiGateways", "WebApiGateways", "{492006ED-3129-4E73-B56D-838962046714}"
EndProject
Project("{FAE04EC0-301F-11D3-BF4B-00C04F79EFBC}") = "NorthWind.Sales.FrontEnd.WebApiGateways", "NorthWind.Sales.FrontEnd.WebApiGateways\NorthWind.Sales.FrontEnd.WebApiGateways.csproj", "{CB63282B-3AFF-4AD7-9D53-75FBC0EE31BF}"
EndProject
Project("{2150E333-8FDC-42A3-9474-1A3956D46DE8}") = "Views", "Views", "{16C17126-4585-4227-9962-F2B3A94F27DB}"
EndProject
Project("{FAE04EC0-301F-11D3-BF4B-00C04F79EFBC}") = "WebApplication_API_Dapper", "WebApplication_API_Dapper\WebApplication_API_Dapper.csproj", "{A1C237F0-3F66-4131-B5AA-9026D9618BD8}"
EndProject
Project("{FAE04EC0-301F-11D3-BF4B-00C04F79EFBC}") = "WebApplication_API_Adonet", "WebApplication_API_Adonet\WebApplication_API_Adonet.csproj", "{0A7B2903-53F3-424B-85CF-AFBD753D06D5}"
EndProject
Global
	GlobalSection(SolutionConfigurationPlatforms) = preSolution
		Debug|Any CPU = Debug|Any CPU
		Release|Any CPU = Release|Any CPU
	EndGlobalSection
	GlobalSection(ProjectConfigurationPlatforms) = postSolution
		{7CEAF7A5-2D8E-4311-B9DD-1D00742594AF}.Debug|Any CPU.ActiveCfg = Debug|Any CPU
		{7CEAF7A5-2D8E-4311-B9DD-1D00742594AF}.Debug|Any CPU.Build.0 = Debug|Any CPU
		{7CEAF7A5-2D8E-4311-B9DD-1D00742594AF}.Release|Any CPU.ActiveCfg = Release|Any CPU
		{7CEAF7A5-2D8E-4311-B9DD-1D00742594AF}.Release|Any CPU.Build.0 = Release|Any CPU
		{105BEA43-1277-45B0-927F-6AEF66A094F0}.Debug|Any CPU.ActiveCfg = Debug|Any CPU
		{105BEA43-1277-45B0-927F-6AEF66A094F0}.Debug|Any CPU.Build.0 = Debug|Any CPU
		{105BEA43-1277-45B0-927F-6AEF66A094F0}.Release|Any CPU.ActiveCfg = Release|Any CPU
		{105BEA43-1277-45B0-927F-6AEF66A094F0}.Release|Any CPU.Build.0 = Release|Any CPU
		{30CC0B34-2F66-4BA2-A2A8-93906146D2CF}.Debug|Any CPU.ActiveCfg = Debug|Any CPU
		{30CC0B34-2F66-4BA2-A2A8-93906146D2CF}.Debug|Any CPU.Build.0 = Debug|Any CPU
		{30CC0B34-2F66-4BA2-A2A8-93906146D2CF}.Release|Any CPU.ActiveCfg = Release|Any CPU
		{30CC0B34-2F66-4BA2-A2A8-93906146D2CF}.Release|Any CPU.Build.0 = Release|Any CPU
		{BAC9F7FC-F6F2-42F6-8D37-6DC5BE3AABA4}.Debug|Any CPU.ActiveCfg = Debug|Any CPU
		{BAC9F7FC-F6F2-42F6-8D37-6DC5BE3AABA4}.Debug|Any CPU.Build.0 = Debug|Any CPU
		{BAC9F7FC-F6F2-42F6-8D37-6DC5BE3AABA4}.Release|Any CPU.ActiveCfg = Release|Any CPU
		{BAC9F7FC-F6F2-42F6-8D37-6DC5BE3AABA4}.Release|Any CPU.Build.0 = Release|Any CPU
		{10BB543D-67A4-4747-B7E0-D7DCEDFDBCDB}.Debug|Any CPU.ActiveCfg = Debug|Any CPU
		{10BB543D-67A4-4747-B7E0-D7DCEDFDBCDB}.Debug|Any CPU.Build.0 = Debug|Any CPU
		{10BB543D-67A4-4747-B7E0-D7DCEDFDBCDB}.Release|Any CPU.ActiveCfg = Release|Any CPU
		{10BB543D-67A4-4747-B7E0-D7DCEDFDBCDB}.Release|Any CPU.Build.0 = Release|Any CPU
		{53A8FE50-4663-4B99-99A7-946C2FD3657D}.Debug|Any CPU.ActiveCfg = Debug|Any CPU
		{53A8FE50-4663-4B99-99A7-946C2FD3657D}.Debug|Any CPU.Build.0 = Debug|Any CPU
		{53A8FE50-4663-4B99-99A7-946C2FD3657D}.Release|Any CPU.ActiveCfg = Release|Any CPU
		{53A8FE50-4663-4B99-99A7-946C2FD3657D}.Release|Any CPU.Build.0 = Release|Any CPU
		{6EDEB89F-7C72-4F05-BFEF-E840DDB1780E}.Debug|Any CPU.ActiveCfg = Debug|Any CPU
		{6EDEB89F-7C72-4F05-BFEF-E840DDB1780E}.Debug|Any CPU.Build.0 = Debug|Any CPU
		{6EDEB89F-7C72-4F05-BFEF-E840DDB1780E}.Release|Any CPU.ActiveCfg = Release|Any CPU
		{6EDEB89F-7C72-4F05-BFEF-E840DDB1780E}.Release|Any CPU.Build.0 = Release|Any CPU
		{C53D9580-5A3E-497E-AC7B-C3D8BA0008A7}.Debug|Any CPU.ActiveCfg = Debug|Any CPU
		{C53D9580-5A3E-497E-AC7B-C3D8BA0008A7}.Debug|Any CPU.Build.0 = Debug|Any CPU
		{C53D9580-5A3E-497E-AC7B-C3D8BA0008A7}.Release|Any CPU.ActiveCfg = Release|Any CPU
		{C53D9580-5A3E-497E-AC7B-C3D8BA0008A7}.Release|Any CPU.Build.0 = Release|Any CPU
		{B52C993C-1381-48BC-9A03-BDD3DDF856F7}.Debug|Any CPU.ActiveCfg = Debug|Any CPU
		{B52C993C-1381-48BC-9A03-BDD3DDF856F7}.Debug|Any CPU.Build.0 = Debug|Any CPU
		{B52C993C-1381-48BC-9A03-BDD3DDF856F7}.Release|Any CPU.ActiveCfg = Release|Any CPU
		{B52C993C-1381-48BC-9A03-BDD3DDF856F7}.Release|Any CPU.Build.0 = Release|Any CPU
		{B19A2E4A-F81B-4013-935B-FFF3B8603365}.Debug|Any CPU.ActiveCfg = Debug|Any CPU
		{B19A2E4A-F81B-4013-935B-FFF3B8603365}.Debug|Any CPU.Build.0 = Debug|Any CPU
		{B19A2E4A-F81B-4013-935B-FFF3B8603365}.Release|Any CPU.ActiveCfg = Release|Any CPU
		{B19A2E4A-F81B-4013-935B-FFF3B8603365}.Release|Any CPU.Build.0 = Release|Any CPU
		{FF7BDA0A-1E61-4213-BB2C-6B1A782F4F78}.Debug|Any CPU.ActiveCfg = Debug|Any CPU
		{FF7BDA0A-1E61-4213-BB2C-6B1A782F4F78}.Debug|Any CPU.Build.0 = Debug|Any CPU
		{FF7BDA0A-1E61-4213-BB2C-6B1A782F4F78}.Release|Any CPU.ActiveCfg = Release|Any CPU
		{FF7BDA0A-1E61-4213-BB2C-6B1A782F4F78}.Release|Any CPU.Build.0 = Release|Any CPU
		{8ED3C557-58C7-4E0B-A158-57E73087AF8B}.Debug|Any CPU.ActiveCfg = Debug|Any CPU
		{8ED3C557-58C7-4E0B-A158-57E73087AF8B}.Debug|Any CPU.Build.0 = Debug|Any CPU
		{8ED3C557-58C7-4E0B-A158-57E73087AF8B}.Release|Any CPU.ActiveCfg = Release|Any CPU
		{8ED3C557-58C7-4E0B-A158-57E73087AF8B}.Release|Any CPU.Build.0 = Release|Any CPU
		{CB63282B-3AFF-4AD7-9D53-75FBC0EE31BF}.Debug|Any CPU.ActiveCfg = Debug|Any CPU
		{CB63282B-3AFF-4AD7-9D53-75FBC0EE31BF}.Debug|Any CPU.Build.0 = Debug|Any CPU
		{CB63282B-3AFF-4AD7-9D53-75FBC0EE31BF}.Release|Any CPU.ActiveCfg = Release|Any CPU
		{CB63282B-3AFF-4AD7-9D53-75FBC0EE31BF}.Release|Any CPU.Build.0 = Release|Any CPU
		{A1C237F0-3F66-4131-B5AA-9026D9618BD8}.Debug|Any CPU.ActiveCfg = Debug|Any CPU
		{A1C237F0-3F66-4131-B5AA-9026D9618BD8}.Debug|Any CPU.Build.0 = Debug|Any CPU
		{A1C237F0-3F66-4131-B5AA-9026D9618BD8}.Release|Any CPU.ActiveCfg = Release|Any CPU
		{A1C237F0-3F66-4131-B5AA-9026D9618BD8}.Release|Any CPU.Build.0 = Release|Any CPU
		{0A7B2903-53F3-424B-85CF-AFBD753D06D5}.Debug|Any CPU.ActiveCfg = Debug|Any CPU
		{0A7B2903-53F3-424B-85CF-AFBD753D06D5}.Debug|Any CPU.Build.0 = Debug|Any CPU
		{0A7B2903-53F3-424B-85CF-AFBD753D06D5}.Release|Any CPU.ActiveCfg = Release|Any CPU
		{0A7B2903-53F3-424B-85CF-AFBD753D06D5}.Release|Any CPU.Build.0 = Release|Any CPU
	EndGlobalSection
	GlobalSection(SolutionProperties) = preSolution
		HideSolutionNode = FALSE
	EndGlobalSection
	GlobalSection(NestedProjects) = preSolution
		{7CEAF7A5-2D8E-4311-B9DD-1D00742594AF} = {02EA681E-C7D8-13C7-8484-4AC65E1B71E8}
		{105BEA43-1277-45B0-927F-6AEF66A094F0} = {DACA02F3-4332-419B-B298-589C41C987A7}
		{30CC0B34-2F66-4BA2-A2A8-93906146D2CF} = {DACA02F3-4332-419B-B298-589C41C987A7}
		{727027AB-708B-4B5E-9434-C32254BB0E0F} = {8BA61B78-82C6-47B3-8A1A-32BCA435CA68}
		{45F6F222-9E92-4ABB-A4F8-0BC442559A31} = {727027AB-708B-4B5E-9434-C32254BB0E0F}
		{BAC9F7FC-F6F2-42F6-8D37-6DC5BE3AABA4} = {45F6F222-9E92-4ABB-A4F8-0BC442559A31}
		{D9EFE1A8-878B-4EEC-91D2-58450A6BF66B} = {8BA61B78-82C6-47B3-8A1A-32BCA435CA68}
		{10BB543D-67A4-4747-B7E0-D7DCEDFDBCDB} = {D9EFE1A8-878B-4EEC-91D2-58450A6BF66B}
		{6C0056AC-EEA3-477E-80DC-552C7D0F8B69} = {8BA61B78-82C6-47B3-8A1A-32BCA435CA68}
		{53A8FE50-4663-4B99-99A7-946C2FD3657D} = {6C0056AC-EEA3-477E-80DC-552C7D0F8B69}
		{515B8638-7FC8-4760-BAAC-321CAADC806D} = {C187A28E-C457-469F-965D-D4F79CCD9853}
		{1BD08331-8E19-43CA-85D2-42E70BA1EA96} = {515B8638-7FC8-4760-BAAC-321CAADC806D}
		{6EDEB89F-7C72-4F05-BFEF-E840DDB1780E} = {1BD08331-8E19-43CA-85D2-42E70BA1EA96}
		{CCE9E1DE-6345-448F-B135-D78E81E70551} = {C187A28E-C457-469F-965D-D4F79CCD9853}
		{C53D9580-5A3E-497E-AC7B-C3D8BA0008A7} = {CCE9E1DE-6345-448F-B135-D78E81E70551}
		{C9C13E92-BF0E-4844-BA8E-DAF1F1F73595} = {C187A28E-C457-469F-965D-D4F79CCD9853}
		{B52C993C-1381-48BC-9A03-BDD3DDF856F7} = {C9C13E92-BF0E-4844-BA8E-DAF1F1F73595}
		{B19A2E4A-F81B-4013-935B-FFF3B8603365} = {C9C13E92-BF0E-4844-BA8E-DAF1F1F73595}
		{FF7BDA0A-1E61-4213-BB2C-6B1A782F4F78} = {C9C13E92-BF0E-4844-BA8E-DAF1F1F73595}
		{8ED3C557-58C7-4E0B-A158-57E73087AF8B} = {DACA02F3-4332-419B-B298-589C41C987A7}
		{492006ED-3129-4E73-B56D-838962046714} = {8BA61B78-82C6-47B3-8A1A-32BCA435CA68}
		{CB63282B-3AFF-4AD7-9D53-75FBC0EE31BF} = {492006ED-3129-4E73-B56D-838962046714}
		{16C17126-4585-4227-9962-F2B3A94F27DB} = {8BA61B78-82C6-47B3-8A1A-32BCA435CA68}
		{A1C237F0-3F66-4131-B5AA-9026D9618BD8} = {C9C13E92-BF0E-4844-BA8E-DAF1F1F73595}
		{0A7B2903-53F3-424B-85CF-AFBD753D06D5} = {C9C13E92-BF0E-4844-BA8E-DAF1F1F73595}
	EndGlobalSection
	GlobalSection(ExtensibilityGlobals) = postSolution
		SolutionGuid = {813069B3-D9B8-492B-B36C-6C8754930A42}
	EndGlobalSection
EndGlobal
